<Solution>
  <Folder Name="/Internal/" />
  <Folder Name="/Internal/Code Analysis/">
    <File Path="Internal/Code Analysis/qaction-debug.ruleset" />
    <File Path="Internal/Code Analysis/qaction-release.ruleset" />
    <File Path="Internal/Code Analysis/stylecop.json" />
  </Folder>
  <Project Path="BOOST-DailyRegression-Skyline.DataMiner.Sdk/BOOST-DailyRegression-Skyline.DataMiner.Sdk.csproj" />
  <Project Path="MyAutomationScript/MyAutomationScript.csproj" />
</Solution>
